<?xml version="1.0" encoding="utf-8"?>
<Project ToolsVersion="4.0" xmlns="http://schemas.microsoft.com/developer/msbuild/2003">
  <ItemGroup>
    <Filter Include="Source Files">
      <UniqueIdentifier>{4FC737F1-C7A5-4376-A066-2A32D752A2FF}</UniqueIdentifier>
      <Extensions>cpp;c;cc;cxx;def;odl;idl;hpj;bat;asm;asmx</Extensions>
    </Filter>
    <Filter Include="Header Files">
      <UniqueIdentifier>{93995380-89BD-4b04-88EB-625FBE52EBFB}</UniqueIdentifier>
      <Extensions>h;hpp;hxx;hm;inl;inc;xsd</Extensions>
    </Filter>
    <Filter Include="Resource Files">
      <UniqueIdentifier>{67DA6AB6-F800-4c08-8B7A-83BB121AAD01}</UniqueIdentifier>
      <Extensions>rc;ico;cur;bmp;dlg;rc2;rct;bin;rgs;gif;jpg;jpeg;jpe;resx;tiff;tif;png;wav;mfcribbon-ms</Extensions>
    </Filter>
    <Filter Include="Filter">
      <UniqueIdentifier>{8a299a76-9972-4231-a9f9-c139e23fb9c4}</UniqueIdentifier>
    </Filter>
    <Filter Include="Demo">
      <UniqueIdentifier>{d366fcd8-221d-4134-8cca-fc819c218970}</UniqueIdentifier>
    </Filter>
    <Filter Include="Filter\KeyBord">
      <UniqueIdentifier>{8497f600-ae09-4045-9441-4e1569bc0544}</UniqueIdentifier>
    </Filter>
    <Filter Include="Filter\SerialPor">
      <UniqueIdentifier>{47ab6ae4-cee0-4dd6-a549-73ed7697e752}</UniqueIdentifier>
    </Filter>
  </ItemGroup>
  <ItemGroup>
    <ClCompile Include="Driver.c">
      <Filter>Source Files</Filter>
    </ClCompile>
    <ClCompile Include="DEMO\demo.c">
      <Filter>Demo</Filter>
    </ClCompile>
    <ClCompile Include="Filter\KeyBord\ctrl2cap.c">
      <Filter>Filter\KeyBord</Filter>
    </ClCompile>
    <ClCompile Include="Filter\KeyBord\ctrl2hook.c">
      <Filter>Filter\KeyBord</Filter>
    </ClCompile>
    <ClCompile Include="Filter\SerialPor\SerialPort.c">
      <Filter>Filter\SerialPor</Filter>
    </ClCompile>
  </ItemGroup>
  <ItemGroup>
    <ClInclude Include="DEMO\demo.h">
      <Filter>Demo</Filter>
    </ClInclude>
    <ClInclude Include="Filter\KeyBord\ctrl2cap.h">
      <Filter>Filter\KeyBord</Filter>
    </ClInclude>
    <ClInclude Include="Filter\KeyBord\ctrl2hook.h">
      <Filter>Filter\KeyBord</Filter>
    </ClInclude>
    <ClInclude Include="Filter\SerialPor\SerialPort.h">
      <Filter>Filter\SerialPor</Filter>
    </ClInclude>
  </ItemGroup>
  <ItemGroup>
    <CustomBuild Include="..\DverCtrl\Win64.asm">
      <Filter>Filter</Filter>
    </CustomBuild>
  </ItemGroup>
  <ItemGroup>
    <None Include="Sources">
      <Filter>Resource Files</Filter>
    </None>
  </ItemGroup>
</Project>